 // !$*UTF8*$!
{
  archiveVersion = 1;
  classes = {
  };
  objectVersion = 46;
  objects = {

/* Begin PBXBuildFile section */
    2F08D507176BD6BA009CC18D /* CloudControllerHelper.m in Sources */ = {isa = PBXBuildFile; fileRef = 2F08D506176BD6BA009CC18D /* CloudControllerHelper.m */; };
    2F4FE6C017FC93C70011C780 /* GTLMobilebackendBlobAccess.m in Sources */ = {isa = PBXBuildFile; fileRef = 2F4FE6BF17FC93C70011C780 /* GTLMobilebackendBlobAccess.m */; };
    2F4FE6C217FC96860011C780 /* Default-568h@2x.png in Resources */ = {isa = PBXBuildFile; fileRef = 2F4FE6C117FC96860011C780 /* Default-568h@2x.png */; };
    2F51FFC31767E0C7007CF343 /* Constants.m in Sources */ = {isa = PBXBuildFile; fileRef = 2F51FFC21767E0C7007CF343 /* Constants.m */; };
    2F531F32175036D500ED627F /* CloudEntityCollection.m in Sources */ = {isa = PBXBuildFile; fileRef = 2FA513EB1742B8AF004E1C5B /* CloudEntityCollection.m */; };
    2F531FE517503B8D00ED627F /* GTLMobilebackendEntityDto.m in Sources */ = {isa = PBXBuildFile; fileRef = 2F531FD517503B8D00ED627F /* GTLMobilebackendEntityDto.m */; };
    2F531FE717503B8D00ED627F /* GTLMobilebackendEntityListDto.m in Sources */ = {isa = PBXBuildFile; fileRef = 2F531FD917503B8D00ED627F /* GTLMobilebackendEntityListDto.m */; };
    2F531FE817503B8D00ED627F /* GTLMobilebackendFilter.m in Sources */ = {isa = PBXBuildFile; fileRef = 2F531FDB17503B8D00ED627F /* GTLMobilebackendFilter.m */; };
    2F531FE917503B8D00ED627F /* GTLMobilebackendFilterDto.m in Sources */ = {isa = PBXBuildFile; fileRef = 2F531FDD17503B8D00ED627F /* GTLMobilebackendFilterDto.m */; };
    2F531FEA17503B8D00ED627F /* GTLMobilebackendQueryDto.m in Sources */ = {isa = PBXBuildFile; fileRef = 2F531FDF17503B8D00ED627F /* GTLMobilebackendQueryDto.m */; };
    2F531FEB17503B8D00ED627F /* GTLQueryMobilebackend.m in Sources */ = {isa = PBXBuildFile; fileRef = 2F531FE117503B8D00ED627F /* GTLQueryMobilebackend.m */; };
    2F531FEC17503B8D00ED627F /* GTLServiceMobilebackend.m in Sources */ = {isa = PBXBuildFile; fileRef = 2F531FE317503B8D00ED627F /* GTLServiceMobilebackend.m */; };
    2F53202017503BA600ED627F /* GTLBase64.m in Sources */ = {isa = PBXBuildFile; fileRef = 2F531FEE17503BA600ED627F /* GTLBase64.m */; settings = {COMPILER_FLAGS = "-fno-objc-arc"; }; };
    2F53202117503BA600ED627F /* GTLBatchQuery.m in Sources */ = {isa = PBXBuildFile; fileRef = 2F531FF017503BA600ED627F /* GTLBatchQuery.m */; settings = {COMPILER_FLAGS = "-fno-objc-arc"; }; };
    2F53202217503BA600ED627F /* GTLBatchResult.m in Sources */ = {isa = PBXBuildFile; fileRef = 2F531FF217503BA600ED627F /* GTLBatchResult.m */; settings = {COMPILER_FLAGS = "-fno-objc-arc"; }; };
    2F53202317503BA600ED627F /* GTLDateTime.m in Sources */ = {isa = PBXBuildFile; fileRef = 2F531FF417503BA600ED627F /* GTLDateTime.m */; settings = {COMPILER_FLAGS = "-fno-objc-arc"; }; };
    2F53202417503BA600ED627F /* GTLErrorObject.m in Sources */ = {isa = PBXBuildFile; fileRef = 2F531FF717503BA600ED627F /* GTLErrorObject.m */; settings = {COMPILER_FLAGS = "-fno-objc-arc"; }; };
    2F53202517503BA600ED627F /* GTLFramework.m in Sources */ = {isa = PBXBuildFile; fileRef = 2F531FF917503BA600ED627F /* GTLFramework.m */; settings = {COMPILER_FLAGS = "-fno-objc-arc"; }; };
    2F53202617503BA600ED627F /* GTLJSONParser.m in Sources */ = {isa = PBXBuildFile; fileRef = 2F531FFB17503BA600ED627F /* GTLJSONParser.m */; settings = {COMPILER_FLAGS = "-fno-objc-arc"; }; };
    2F53202717503BA600ED627F /* GTLObject.m in Sources */ = {isa = PBXBuildFile; fileRef = 2F531FFD17503BA600ED627F /* GTLObject.m */; settings = {COMPILER_FLAGS = "-fno-objc-arc"; }; };
    2F53202817503BA600ED627F /* GTLQuery.m in Sources */ = {isa = PBXBuildFile; fileRef = 2F531FFF17503BA600ED627F /* GTLQuery.m */; settings = {COMPILER_FLAGS = "-fno-objc-arc"; }; };
    2F53202917503BA600ED627F /* GTLRuntimeCommon.m in Sources */ = {isa = PBXBuildFile; fileRef = 2F53200117503BA600ED627F /* GTLRuntimeCommon.m */; settings = {COMPILER_FLAGS = "-fno-objc-arc"; }; };
    2F53202A17503BA600ED627F /* GTLService.m in Sources */ = {isa = PBXBuildFile; fileRef = 2F53200317503BA600ED627F /* GTLService.m */; settings = {COMPILER_FLAGS = "-fno-objc-arc"; }; };
    2F53202B17503BA600ED627F /* GTLUploadParameters.m in Sources */ = {isa = PBXBuildFile; fileRef = 2F53200617503BA600ED627F /* GTLUploadParameters.m */; settings = {COMPILER_FLAGS = "-fno-objc-arc"; }; };
    2F53202C17503BA600ED627F /* GTLUtilities.m in Sources */ = {isa = PBXBuildFile; fileRef = 2F53200817503BA600ED627F /* GTLUtilities.m */; settings = {COMPILER_FLAGS = "-fno-objc-arc"; }; };
    2F53202D17503BA600ED627F /* GTMGatherInputStream.m in Sources */ = {isa = PBXBuildFile; fileRef = 2F53200A17503BA600ED627F /* GTMGatherInputStream.m */; settings = {COMPILER_FLAGS = "-fno-objc-arc"; }; };
    2F53202E17503BA600ED627F /* GTMHTTPFetcher.m in Sources */ = {isa = PBXBuildFile; fileRef = 2F53200C17503BA600ED627F /* GTMHTTPFetcher.m */; settings = {COMPILER_FLAGS = "-fno-objc-arc"; }; };
    2F53202F17503BA600ED627F /* GTMHTTPFetcherLogging.m in Sources */ = {isa = PBXBuildFile; fileRef = 2F53200E17503BA600ED627F /* GTMHTTPFetcherLogging.m */; settings = {COMPILER_FLAGS = "-fno-objc-arc"; }; };
    2F53203017503BA600ED627F /* GTMHTTPFetcherService.m in Sources */ = {isa = PBXBuildFile; fileRef = 2F53201017503BA600ED627F /* GTMHTTPFetcherService.m */; settings = {COMPILER_FLAGS = "-fno-objc-arc"; }; };
    2F53203117503BA600ED627F /* GTMHTTPFetchHistory.m in Sources */ = {isa = PBXBuildFile; fileRef = 2F53201217503BA600ED627F /* GTMHTTPFetchHistory.m */; settings = {COMPILER_FLAGS = "-fno-objc-arc"; }; };
    2F53203217503BA600ED627F /* GTMHTTPUploadFetcher.m in Sources */ = {isa = PBXBuildFile; fileRef = 2F53201417503BA600ED627F /* GTMHTTPUploadFetcher.m */; settings = {COMPILER_FLAGS = "-fno-objc-arc"; }; };
    2F53203317503BA600ED627F /* GTMMIMEDocument.m in Sources */ = {isa = PBXBuildFile; fileRef = 2F53201617503BA600ED627F /* GTMMIMEDocument.m */; settings = {COMPILER_FLAGS = "-fno-objc-arc"; }; };
    2F53203417503BA600ED627F /* GTMOAuth2Authentication.m in Sources */ = {isa = PBXBuildFile; fileRef = 2F53201817503BA600ED627F /* GTMOAuth2Authentication.m */; settings = {COMPILER_FLAGS = "-fno-objc-arc"; }; };
    2F53203517503BA600ED627F /* GTMOAuth2SignIn.m in Sources */ = {isa = PBXBuildFile; fileRef = 2F53201A17503BA600ED627F /* GTMOAuth2SignIn.m */; settings = {COMPILER_FLAGS = "-fno-objc-arc"; }; };
    2F53203617503BA600ED627F /* GTMOAuth2ViewControllerTouch.m in Sources */ = {isa = PBXBuildFile; fileRef = 2F53201C17503BA600ED627F /* GTMOAuth2ViewControllerTouch.m */; settings = {COMPILER_FLAGS = "-fno-objc-arc"; }; };
    2F53203717503BA600ED627F /* GTMOAuth2ViewTouch.xib in Resources */ = {isa = PBXBuildFile; fileRef = 2F53201D17503BA600ED627F /* GTMOAuth2ViewTouch.xib */; };
    2F53203817503BA600ED627F /* GTMReadMonitorInputStream.m in Sources */ = {isa = PBXBuildFile; fileRef = 2F53201F17503BA600ED627F /* GTMReadMonitorInputStream.m */; settings = {COMPILER_FLAGS = "-fno-objc-arc"; }; };
    2F72EB9B16CB288F00C29E08 /* UIKit.framework in Frameworks */ = {isa = PBXBuildFile; fileRef = 2F72EB9A16CB288F00C29E08 /* UIKit.framework */; };
    2F72EB9D16CB288F00C29E08 /* Foundation.framework in Frameworks */ = {isa = PBXBuildFile; fileRef = 2F72EB9C16CB288F00C29E08 /* Foundation.framework */; };
    2F72EB9F16CB288F00C29E08 /* CoreGraphics.framework in Frameworks */ = {isa = PBXBuildFile; fileRef = 2F72EB9E16CB288F00C29E08 /* CoreGraphics.framework */; };
    2F72EC1916CB2A5600C29E08 /* SystemConfiguration.framework in Frameworks */ = {isa = PBXBuildFile; fileRef = 2F72EC1816CB2A5500C29E08 /* SystemConfiguration.framework */; };
    2F72EC1B16CB2A7000C29E08 /* Security.framework in Frameworks */ = {isa = PBXBuildFile; fileRef = 2F72EC1A16CB2A6F00C29E08 /* Security.framework */; };
    2FA513EC1742B8AF004E1C5B /* CloudAuthenticator.m in Sources */ = {isa = PBXBuildFile; fileRef = 2FA513E61742B8AF004E1C5B /* CloudAuthenticator.m */; };
    2FA513ED1742B8AF004E1C5B /* CloudEntity.m in Sources */ = {isa = PBXBuildFile; fileRef = 2FA513E81742B8AF004E1C5B /* CloudEntity.m */; };
    2FA513F51742B8D6004E1C5B /* CloudBackendIOSClientAppDelegate.m in Sources */ = {isa = PBXBuildFile; fileRef = 2FA513F21742B8D6004E1C5B /* CloudBackendIOSClientAppDelegate.m */; };
    2FA513F61742B8D6004E1C5B /* main.m in Sources */ = {isa = PBXBuildFile; fileRef = 2FA513F31742B8D6004E1C5B /* main.m */; };
    2FA514021742BA20004E1C5B /* EditModeUITextView.m in Sources */ = {isa = PBXBuildFile; fileRef = 2FA513F91742BA20004E1C5B /* EditModeUITextView.m */; };
    2FA514041742BA20004E1C5B /* icon.png in Resources */ = {isa = PBXBuildFile; fileRef = 2FA513FC1742BA20004E1C5B /* icon.png */; };
    2FA514051742BA20004E1C5B /* MessagesTableViewController.m in Sources */ = {isa = PBXBuildFile; fileRef = 2FA513FE1742BA20004E1C5B /* MessagesTableViewController.m */; };
    2FB6B84817E773E8006B298F /* GTLMobilebackendConstants.m in Sources */ = {isa = PBXBuildFile; fileRef = 2FB6B84617E773E8006B298F /* GTLMobilebackendConstants.m */; };
    2FD03B9A174DA48E00D0BFF6 /* CloudNotificationHandler.m in Sources */ = {isa = PBXBuildFile; fileRef = 2FD03B99174DA48E00D0BFF6 /* CloudNotificationHandler.m */; };
    2FD03BDC174EF85100D0BFF6 /* iphone.storyboard in Resources */ = {isa = PBXBuildFile; fileRef = 2FD03BDA174EF85100D0BFF6 /* iphone.storyboard */; };
    2FD03BE2174FEE7700D0BFF6 /* GTLMobilebackendQueryDto+Helper.m in Sources */ = {isa = PBXBuildFile; fileRef = 2FD03BE1174FEE7600D0BFF6 /* GTLMobilebackendQueryDto+Helper.m */; };
    2FF4E1061745753E00AC521E /* CloudMessagingManager.m in Sources */ = {isa = PBXBuildFile; fileRef = 2FF4E1051745753E00AC521E /* CloudMessagingManager.m */; };
    2FF4E1101746E6A500AC521E /* CloudFilter.m in Sources */ = {isa = PBXBuildFile; fileRef = 2FF4E10F1746E6A500AC521E /* CloudFilter.m */; };
/* End PBXBuildFile section */

/* Begin PBXFileReference section */
    2F08D506176BD6BA009CC18D /* CloudControllerHelper.m */ = {isa = PBXFileReference; fileEncoding = 4; lastKnownFileType = sourcecode.c.objc; name = CloudControllerHelper.m; path = api/CloudControllerHelper.m; sourceTree = SOURCE_ROOT; };
    2F4FE6BE17FC93C70011C780 /* GTLMobilebackendBlobAccess.h */ = {isa = PBXFileReference; fileEncoding = 4; lastKnownFileType = sourcecode.c.h; name = GTLMobilebackendBlobAccess.h; path = endpoint/GTLMobilebackendBlobAccess.h; sourceTree = SOURCE_ROOT; };
    2F4FE6BF17FC93C70011C780 /* GTLMobilebackendBlobAccess.m */ = {isa = PBXFileReference; fileEncoding = 4; lastKnownFileType = sourcecode.c.objc; name = GTLMobilebackendBlobAccess.m; path = endpoint/GTLMobilebackendBlobAccess.m; sourceTree = SOURCE_ROOT; };
    2F4FE6C117FC96860011C780 /* Default-568h@2x.png */ = {isa = PBXFileReference; lastKnownFileType = image.png; path = "Default-568h@2x.png"; sourceTree = "<group>"; };
    2F51FFC21767E0C7007CF343 /* Constants.m */ = {isa = PBXFileReference; fileEncoding = 4; lastKnownFileType = sourcecode.c.objc; name = Constants.m; path = sample/Constants.m; sourceTree = SOURCE_ROOT; };
    2F531FD117503B8D00ED627F /* GTLMobilebackend.h */ = {isa = PBXFileReference; fileEncoding = 4; lastKnownFileType = sourcecode.c.h; name = GTLMobilebackend.h; path = endpoint/GTLMobilebackend.h; sourceTree = SOURCE_ROOT; };
    2F531FD417503B8D00ED627F /* GTLMobilebackendEntityDto.h */ = {isa = PBXFileReference; fileEncoding = 4; lastKnownFileType = sourcecode.c.h; name = GTLMobilebackendEntityDto.h; path = endpoint/GTLMobilebackendEntityDto.h; sourceTree = SOURCE_ROOT; };
    2F531FD517503B8D00ED627F /* GTLMobilebackendEntityDto.m */ = {isa = PBXFileReference; fileEncoding = 4; lastKnownFileType = sourcecode.c.objc; name = GTLMobilebackendEntityDto.m; path = endpoint/GTLMobilebackendEntityDto.m; sourceTree = SOURCE_ROOT; };
    2F531FD817503B8D00ED627F /* GTLMobilebackendEntityListDto.h */ = {isa = PBXFileReference; fileEncoding = 4; lastKnownFileType = sourcecode.c.h; name = GTLMobilebackendEntityListDto.h; path = endpoint/GTLMobilebackendEntityListDto.h; sourceTree = SOURCE_ROOT; };
    2F531FD917503B8D00ED627F /* GTLMobilebackendEntityListDto.m */ = {isa = PBXFileReference; fileEncoding = 4; lastKnownFileType = sourcecode.c.objc; name = GTLMobilebackendEntityListDto.m; path = endpoint/GTLMobilebackendEntityListDto.m; sourceTree = SOURCE_ROOT; };
    2F531FDA17503B8D00ED627F /* GTLMobilebackendFilter.h */ = {isa = PBXFileReference; fileEncoding = 4; lastKnownFileType = sourcecode.c.h; name = GTLMobilebackendFilter.h; path = endpoint/GTLMobilebackendFilter.h; sourceTree = SOURCE_ROOT; };
    2F531FDB17503B8D00ED627F /* GTLMobilebackendFilter.m */ = {isa = PBXFileReference; fileEncoding = 4; lastKnownFileType = sourcecode.c.objc; name = GTLMobilebackendFilter.m; path = endpoint/GTLMobilebackendFilter.m; sourceTree = SOURCE_ROOT; };
    2F531FDC17503B8D00ED627F /* GTLMobilebackendFilterDto.h */ = {isa = PBXFileReference; fileEncoding = 4; lastKnownFileType = sourcecode.c.h; name = GTLMobilebackendFilterDto.h; path = endpoint/GTLMobilebackendFilterDto.h; sourceTree = SOURCE_ROOT; };
    2F531FDD17503B8D00ED627F /* GTLMobilebackendFilterDto.m */ = {isa = PBXFileReference; fileEncoding = 4; lastKnownFileType = sourcecode.c.objc; name = GTLMobilebackendFilterDto.m; path = endpoint/GTLMobilebackendFilterDto.m; sourceTree = SOURCE_ROOT; };
    2F531FDE17503B8D00ED627F /* GTLMobilebackendQueryDto.h */ = {isa = PBXFileReference; fileEncoding = 4; lastKnownFileType = sourcecode.c.h; name = GTLMobilebackendQueryDto.h; path = endpoint/GTLMobilebackendQueryDto.h; sourceTree = SOURCE_ROOT; };
    2F531FDF17503B8D00ED627F /* GTLMobilebackendQueryDto.m */ = {isa = PBXFileReference; fileEncoding = 4; lastKnownFileType = sourcecode.c.objc; name = GTLMobilebackendQueryDto.m; path = endpoint/GTLMobilebackendQueryDto.m; sourceTree = SOURCE_ROOT; };
    2F531FE017503B8D00ED627F /* GTLQueryMobilebackend.h */ = {isa = PBXFileReference; fileEncoding = 4; lastKnownFileType = sourcecode.c.h; name = GTLQueryMobilebackend.h; path = endpoint/GTLQueryMobilebackend.h; sourceTree = SOURCE_ROOT; };
    2F531FE117503B8D00ED627F /* GTLQueryMobilebackend.m */ = {isa = PBXFileReference; fileEncoding = 4; lastKnownFileType = sourcecode.c.objc; name = GTLQueryMobilebackend.m; path = endpoint/GTLQueryMobilebackend.m; sourceTree = SOURCE_ROOT; };
    2F531FE217503B8D00ED627F /* GTLServiceMobilebackend.h */ = {isa = PBXFileReference; fileEncoding = 4; lastKnownFileType = sourcecode.c.h; name = GTLServiceMobilebackend.h; path = endpoint/GTLServiceMobilebackend.h; sourceTree = SOURCE_ROOT; };
    2F531FE317503B8D00ED627F /* GTLServiceMobilebackend.m */ = {isa = PBXFileReference; fileEncoding = 4; lastKnownFileType = sourcecode.c.objc; name = GTLServiceMobilebackend.m; path = endpoint/GTLServiceMobilebackend.m; sourceTree = SOURCE_ROOT; };
    2F531FED17503BA600ED627F /* GTLBase64.h */ = {isa = PBXFileReference; fileEncoding = 4; lastKnownFileType = sourcecode.c.h; name = GTLBase64.h; path = gtl/GTLBase64.h; sourceTree = SOURCE_ROOT; };
    2F531FEE17503BA600ED627F /* GTLBase64.m */ = {isa = PBXFileReference; fileEncoding = 4; lastKnownFileType = sourcecode.c.objc; name = GTLBase64.m; path = gtl/GTLBase64.m; sourceTree = SOURCE_ROOT; };
    2F531FEF17503BA600ED627F /* GTLBatchQuery.h */ = {isa = PBXFileReference; fileEncoding = 4; lastKnownFileType = sourcecode.c.h; name = GTLBatchQuery.h; path = gtl/GTLBatchQuery.h; sourceTree = SOURCE_ROOT; };
    2F531FF017503BA600ED627F /* GTLBatchQuery.m */ = {isa = PBXFileReference; fileEncoding = 4; lastKnownFileType = sourcecode.c.objc; name = GTLBatchQuery.m; path = gtl/GTLBatchQuery.m; sourceTree = SOURCE_ROOT; };
    2F531FF117503BA600ED627F /* GTLBatchResult.h */ = {isa = PBXFileReference; fileEncoding = 4; lastKnownFileType = sourcecode.c.h; name = GTLBatchResult.h; path = gtl/GTLBatchResult.h; sourceTree = SOURCE_ROOT; };
    2F531FF217503BA600ED627F /* GTLBatchResult.m */ = {isa = PBXFileReference; fileEncoding = 4; lastKnownFileType = sourcecode.c.objc; name = GTLBatchResult.m; path = gtl/GTLBatchResult.m; sourceTree = SOURCE_ROOT; };
    2F531FF317503BA600ED627F /* GTLDateTime.h */ = {isa = PBXFileReference; fileEncoding = 4; lastKnownFileType = sourcecode.c.h; name = GTLDateTime.h; path = gtl/GTLDateTime.h; sourceTree = SOURCE_ROOT; };
    2F531FF417503BA600ED627F /* GTLDateTime.m */ = {isa = PBXFileReference; fileEncoding = 4; lastKnownFileType = sourcecode.c.objc; name = GTLDateTime.m; path = gtl/GTLDateTime.m; sourceTree = SOURCE_ROOT; };
    2F531FF517503BA600ED627F /* GTLDefines.h */ = {isa = PBXFileReference; fileEncoding = 4; lastKnownFileType = sourcecode.c.h; name = GTLDefines.h; path = gtl/GTLDefines.h; sourceTree = SOURCE_ROOT; };
    2F531FF617503BA600ED627F /* GTLErrorObject.h */ = {isa = PBXFileReference; fileEncoding = 4; lastKnownFileType = sourcecode.c.h; name = GTLErrorObject.h; path = gtl/GTLErrorObject.h; sourceTree = SOURCE_ROOT; };
    2F531FF717503BA600ED627F /* GTLErrorObject.m */ = {isa = PBXFileReference; fileEncoding = 4; lastKnownFileType = sourcecode.c.objc; name = GTLErrorObject.m; path = gtl/GTLErrorObject.m; sourceTree = SOURCE_ROOT; };
    2F531FF817503BA600ED627F /* GTLFramework.h */ = {isa = PBXFileReference; fileEncoding = 4; lastKnownFileType = sourcecode.c.h; name = GTLFramework.h; path = gtl/GTLFramework.h; sourceTree = SOURCE_ROOT; };
    2F531FF917503BA600ED627F /* GTLFramework.m */ = {isa = PBXFileReference; fileEncoding = 4; lastKnownFileType = sourcecode.c.objc; name = GTLFramework.m; path = gtl/GTLFramework.m; sourceTree = SOURCE_ROOT; };
    2F531FFA17503BA600ED627F /* GTLJSONParser.h */ = {isa = PBXFileReference; fileEncoding = 4; lastKnownFileType = sourcecode.c.h; name = GTLJSONParser.h; path = gtl/GTLJSONParser.h; sourceTree = SOURCE_ROOT; };
    2F531FFB17503BA600ED627F /* GTLJSONParser.m */ = {isa = PBXFileReference; fileEncoding = 4; lastKnownFileType = sourcecode.c.objc; name = GTLJSONParser.m; path = gtl/GTLJSONParser.m; sourceTree = SOURCE_ROOT; };
    2F531FFC17503BA600ED627F /* GTLObject.h */ = {isa = PBXFileReference; fileEncoding = 4; lastKnownFileType = sourcecode.c.h; name = GTLObject.h; path = gtl/GTLObject.h; sourceTree = SOURCE_ROOT; };
    2F531FFD17503BA600ED627F /* GTLObject.m */ = {isa = PBXFileReference; fileEncoding = 4; lastKnownFileType = sourcecode.c.objc; name = GTLObject.m; path = gtl/GTLObject.m; sourceTree = SOURCE_ROOT; };
    2F531FFE17503BA600ED627F /* GTLQuery.h */ = {isa = PBXFileReference; fileEncoding = 4; lastKnownFileType = sourcecode.c.h; name = GTLQuery.h; path = gtl/GTLQuery.h; sourceTree = SOURCE_ROOT; };
    2F531FFF17503BA600ED627F /* GTLQuery.m */ = {isa = PBXFileReference; fileEncoding = 4; lastKnownFileType = sourcecode.c.objc; name = GTLQuery.m; path = gtl/GTLQuery.m; sourceTree = SOURCE_ROOT; };
    2F53200017503BA600ED627F /* GTLRuntimeCommon.h */ = {isa = PBXFileReference; fileEncoding = 4; lastKnownFileType = sourcecode.c.h; name = GTLRuntimeCommon.h; path = gtl/GTLRuntimeCommon.h; sourceTree = SOURCE_ROOT; };
    2F53200117503BA600ED627F /* GTLRuntimeCommon.m */ = {isa = PBXFileReference; fileEncoding = 4; lastKnownFileType = sourcecode.c.objc; name = GTLRuntimeCommon.m; path = gtl/GTLRuntimeCommon.m; sourceTree = SOURCE_ROOT; };
    2F53200217503BA600ED627F /* GTLService.h */ = {isa = PBXFileReference; fileEncoding = 4; lastKnownFileType = sourcecode.c.h; name = GTLService.h; path = gtl/GTLService.h; sourceTree = SOURCE_ROOT; };
    2F53200317503BA600ED627F /* GTLService.m */ = {isa = PBXFileReference; fileEncoding = 4; lastKnownFileType = sourcecode.c.objc; name = GTLService.m; path = gtl/GTLService.m; sourceTree = SOURCE_ROOT; };
    2F53200417503BA600ED627F /* GTLTargetNamespace.h */ = {isa = PBXFileReference; fileEncoding = 4; lastKnownFileType = sourcecode.c.h; name = GTLTargetNamespace.h; path = gtl/GTLTargetNamespace.h; sourceTree = SOURCE_ROOT; };
    2F53200517503BA600ED627F /* GTLUploadParameters.h */ = {isa = PBXFileReference; fileEncoding = 4; lastKnownFileType = sourcecode.c.h; name = GTLUploadParameters.h; path = gtl/GTLUploadParameters.h; sourceTree = SOURCE_ROOT; };
    2F53200617503BA600ED627F /* GTLUploadParameters.m */ = {isa = PBXFileReference; fileEncoding = 4; lastKnownFileType = sourcecode.c.objc; name = GTLUploadParameters.m; path = gtl/GTLUploadParameters.m; sourceTree = SOURCE_ROOT; };
    2F53200717503BA600ED627F /* GTLUtilities.h */ = {isa = PBXFileReference; fileEncoding = 4; lastKnownFileType = sourcecode.c.h; name = GTLUtilities.h; path = gtl/GTLUtilities.h; sourceTree = SOURCE_ROOT; };
    2F53200817503BA600ED627F /* GTLUtilities.m */ = {isa = PBXFileReference; fileEncoding = 4; lastKnownFileType = sourcecode.c.objc; name = GTLUtilities.m; path = gtl/GTLUtilities.m; sourceTree = SOURCE_ROOT; };
    2F53200917503BA600ED627F /* GTMGatherInputStream.h */ = {isa = PBXFileReference; fileEncoding = 4; lastKnownFileType = sourcecode.c.h; name = GTMGatherInputStream.h; path = gtl/GTMGatherInputStream.h; sourceTree = SOURCE_ROOT; };
    2F53200A17503BA600ED627F /* GTMGatherInputStream.m */ = {isa = PBXFileReference; fileEncoding = 4; lastKnownFileType = sourcecode.c.objc; name = GTMGatherInputStream.m; path = gtl/GTMGatherInputStream.m; sourceTree = SOURCE_ROOT; };
    2F53200B17503BA600ED627F /* GTMHTTPFetcher.h */ = {isa = PBXFileReference; fileEncoding = 4; lastKnownFileType = sourcecode.c.h; name = GTMHTTPFetcher.h; path = gtl/GTMHTTPFetcher.h; sourceTree = SOURCE_ROOT; };
    2F53200C17503BA600ED627F /* GTMHTTPFetcher.m */ = {isa = PBXFileReference; fileEncoding = 4; lastKnownFileType = sourcecode.c.objc; name = GTMHTTPFetcher.m; path = gtl/GTMHTTPFetcher.m; sourceTree = SOURCE_ROOT; };
    2F53200D17503BA600ED627F /* GTMHTTPFetcherLogging.h */ = {isa = PBXFileReference; fileEncoding = 4; lastKnownFileType = sourcecode.c.h; name = GTMHTTPFetcherLogging.h; path = gtl/GTMHTTPFetcherLogging.h; sourceTree = SOURCE_ROOT; };
    2F53200E17503BA600ED627F /* GTMHTTPFetcherLogging.m */ = {isa = PBXFileReference; fileEncoding = 4; lastKnownFileType = sourcecode.c.objc; name = GTMHTTPFetcherLogging.m; path = gtl/GTMHTTPFetcherLogging.m; sourceTree = SOURCE_ROOT; };
    2F53200F17503BA600ED627F /* GTMHTTPFetcherService.h */ = {isa = PBXFileReference; fileEncoding = 4; lastKnownFileType = sourcecode.c.h; name = GTMHTTPFetcherService.h; path = gtl/GTMHTTPFetcherService.h; sourceTree = SOURCE_ROOT; };
    2F53201017503BA600ED627F /* GTMHTTPFetcherService.m */ = {isa = PBXFileReference; fileEncoding = 4; lastKnownFileType = sourcecode.c.objc; name = GTMHTTPFetcherService.m; path = gtl/GTMHTTPFetcherService.m; sourceTree = SOURCE_ROOT; };
    2F53201117503BA600ED627F /* GTMHTTPFetchHistory.h */ = {isa = PBXFileReference; fileEncoding = 4; lastKnownFileType = sourcecode.c.h; name = GTMHTTPFetchHistory.h; path = gtl/GTMHTTPFetchHistory.h; sourceTree = SOURCE_ROOT; };
    2F53201217503BA600ED627F /* GTMHTTPFetchHistory.m */ = {isa = PBXFileReference; fileEncoding = 4; lastKnownFileType = sourcecode.c.objc; name = GTMHTTPFetchHistory.m; path = gtl/GTMHTTPFetchHistory.m; sourceTree = SOURCE_ROOT; };
    2F53201317503BA600ED627F /* GTMHTTPUploadFetcher.h */ = {isa = PBXFileReference; fileEncoding = 4; lastKnownFileType = sourcecode.c.h; name = GTMHTTPUploadFetcher.h; path = gtl/GTMHTTPUploadFetcher.h; sourceTree = SOURCE_ROOT; };
    2F53201417503BA600ED627F /* GTMHTTPUploadFetcher.m */ = {isa = PBXFileReference; fileEncoding = 4; lastKnownFileType = sourcecode.c.objc; name = GTMHTTPUploadFetcher.m; path = gtl/GTMHTTPUploadFetcher.m; sourceTree = SOURCE_ROOT; };
    2F53201517503BA600ED627F /* GTMMIMEDocument.h */ = {isa = PBXFileReference; fileEncoding = 4; lastKnownFileType = sourcecode.c.h; name = GTMMIMEDocument.h; path = gtl/GTMMIMEDocument.h; sourceTree = SOURCE_ROOT; };
    2F53201617503BA600ED627F /* GTMMIMEDocument.m */ = {isa = PBXFileReference; fileEncoding = 4; lastKnownFileType = sourcecode.c.objc; name = GTMMIMEDocument.m; path = gtl/GTMMIMEDocument.m; sourceTree = SOURCE_ROOT; };
    2F53201717503BA600ED627F /* GTMOAuth2Authentication.h */ = {isa = PBXFileReference; fileEncoding = 4; lastKnownFileType = sourcecode.c.h; name = GTMOAuth2Authentication.h; path = gtl/GTMOAuth2Authentication.h; sourceTree = SOURCE_ROOT; };
    2F53201817503BA600ED627F /* GTMOAuth2Authentication.m */ = {isa = PBXFileReference; fileEncoding = 4; lastKnownFileType = sourcecode.c.objc; name = GTMOAuth2Authentication.m; path = gtl/GTMOAuth2Authentication.m; sourceTree = SOURCE_ROOT; };
    2F53201917503BA600ED627F /* GTMOAuth2SignIn.h */ = {isa = PBXFileReference; fileEncoding = 4; lastKnownFileType = sourcecode.c.h; name = GTMOAuth2SignIn.h; path = gtl/GTMOAuth2SignIn.h; sourceTree = SOURCE_ROOT; };
    2F53201A17503BA600ED627F /* GTMOAuth2SignIn.m */ = {isa = PBXFileReference; fileEncoding = 4; lastKnownFileType = sourcecode.c.objc; name = GTMOAuth2SignIn.m; path = gtl/GTMOAuth2SignIn.m; sourceTree = SOURCE_ROOT; };
    2F53201B17503BA600ED627F /* GTMOAuth2ViewControllerTouch.h */ = {isa = PBXFileReference; fileEncoding = 4; lastKnownFileType = sourcecode.c.h; name = GTMOAuth2ViewControllerTouch.h; path = gtl/GTMOAuth2ViewControllerTouch.h; sourceTree = SOURCE_ROOT; };
    2F53201C17503BA600ED627F /* GTMOAuth2ViewControllerTouch.m */ = {isa = PBXFileReference; fileEncoding = 4; lastKnownFileType = sourcecode.c.objc; name = GTMOAuth2ViewControllerTouch.m; path = gtl/GTMOAuth2ViewControllerTouch.m; sourceTree = SOURCE_ROOT; };
    2F53201D17503BA600ED627F /* GTMOAuth2ViewTouch.xib */ = {isa = PBXFileReference; fileEncoding = 4; lastKnownFileType = file.xib; name = GTMOAuth2ViewTouch.xib; path = gtl/GTMOAuth2ViewTouch.xib; sourceTree = SOURCE_ROOT; };
    2F53201E17503BA600ED627F /* GTMReadMonitorInputStream.h */ = {isa = PBXFileReference; fileEncoding = 4; lastKnownFileType = sourcecode.c.h; name = GTMReadMonitorInputStream.h; path = gtl/GTMReadMonitorInputStream.h; sourceTree = SOURCE_ROOT; };
    2F53201F17503BA600ED627F /* GTMReadMonitorInputStream.m */ = {isa = PBXFileReference; fileEncoding = 4; lastKnownFileType = sourcecode.c.objc; name = GTMReadMonitorInputStream.m; path = gtl/GTMReadMonitorInputStream.m; sourceTree = SOURCE_ROOT; };
    2F72EB9616CB288F00C29E08 /* dev.app */ = {isa = PBXFileReference; explicitFileType = wrapper.application; includeInIndex = 0; path = dev.app; sourceTree = BUILT_PRODUCTS_DIR; };
    2F72EB9A16CB288F00C29E08 /* UIKit.framework */ = {isa = PBXFileReference; lastKnownFileType = wrapper.framework; name = UIKit.framework; path = System/Library/Frameworks/UIKit.framework; sourceTree = SDKROOT; };
    2F72EB9C16CB288F00C29E08 /* Foundation.framework */ = {isa = PBXFileReference; lastKnownFileType = wrapper.framework; name = Foundation.framework; path = System/Library/Frameworks/Foundation.framework; sourceTree = SDKROOT; };
    2F72EB9E16CB288F00C29E08 /* CoreGraphics.framework */ = {isa = PBXFileReference; lastKnownFileType = wrapper.framework; name = CoreGraphics.framework; path = System/Library/Frameworks/CoreGraphics.framework; sourceTree = SDKROOT; };
    2F72EC1816CB2A5500C29E08 /* SystemConfiguration.framework */ = {isa = PBXFileReference; lastKnownFileType = wrapper.framework; name = SystemConfiguration.framework; path = System/Library/Frameworks/SystemConfiguration.framework; sourceTree = SDKROOT; };
    2F72EC1A16CB2A6F00C29E08 /* Security.framework */ = {isa = PBXFileReference; lastKnownFileType = wrapper.framework; name = Security.framework; path = System/Library/Frameworks/Security.framework; sourceTree = SDKROOT; };
    2FA513E41742B8AF004E1C5B /* CloudAuthenticatorDelegate.h */ = {isa = PBXFileReference; fileEncoding = 4; lastKnownFileType = sourcecode.c.h; name = CloudAuthenticatorDelegate.h; path = api/CloudAuthenticatorDelegate.h; sourceTree = SOURCE_ROOT; };
    2FA513E51742B8AF004E1C5B /* CloudAuthenticator.h */ = {isa = PBXFileReference; fileEncoding = 4; lastKnownFileType = sourcecode.c.h; name = CloudAuthenticator.h; path = api/CloudAuthenticator.h; sourceTree = SOURCE_ROOT; };
    2FA513E61742B8AF004E1C5B /* CloudAuthenticator.m */ = {isa = PBXFileReference; fileEncoding = 4; lastKnownFileType = sourcecode.c.objc; name = CloudAuthenticator.m; path = api/CloudAuthenticator.m; sourceTree = SOURCE_ROOT; };
    2FA513E71742B8AF004E1C5B /* CloudEntity.h */ = {isa = PBXFileReference; fileEncoding = 4; lastKnownFileType = sourcecode.c.h; name = CloudEntity.h; path = api/CloudEntity.h; sourceTree = SOURCE_ROOT; };
    2FA513E81742B8AF004E1C5B /* CloudEntity.m */ = {isa = PBXFileReference; fileEncoding = 4; lastKnownFileType = sourcecode.c.objc; name = CloudEntity.m; path = api/CloudEntity.m; sourceTree = SOURCE_ROOT; };
    2FA513E91742B8AF004E1C5B /* CloudEntityActionDelegate.h */ = {isa = PBXFileReference; fileEncoding = 4; lastKnownFileType = sourcecode.c.h; name = CloudEntityActionDelegate.h; path = api/CloudEntityActionDelegate.h; sourceTree = SOURCE_ROOT; };
    2FA513EA1742B8AF004E1C5B /* CloudEntityCollection.h */ = {isa = PBXFileReference; fileEncoding = 4; lastKnownFileType = sourcecode.c.h; name = CloudEntityCollection.h; path = api/CloudEntityCollection.h; sourceTree = SOURCE_ROOT; };
    2FA513EB1742B8AF004E1C5B /* CloudEntityCollection.m */ = {isa = PBXFileReference; fileEncoding = 4; lastKnownFileType = sourcecode.c.objc; name = CloudEntityCollection.m; path = api/CloudEntityCollection.m; sourceTree = SOURCE_ROOT; };
    2FA513EF1742B8D6004E1C5B /* CloudBackendIOSClient-Info.plist */ = {isa = PBXFileReference; fileEncoding = 4; lastKnownFileType = text.plist.xml; name = "CloudBackendIOSClient-Info.plist"; path = "sample/SupportFiles/CloudBackendIOSClient-Info.plist"; sourceTree = SOURCE_ROOT; };
    2FA513F01742B8D6004E1C5B /* CloudBackendIOSClient-Prefix.pch */ = {isa = PBXFileReference; fileEncoding = 4; lastKnownFileType = sourcecode.c.h; name = "CloudBackendIOSClient-Prefix.pch"; path = "sample/SupportFiles/CloudBackendIOSClient-Prefix.pch"; sourceTree = SOURCE_ROOT; };
    2FA513F11742B8D6004E1C5B /* CloudBackendIOSClientAppDelegate.h */ = {isa = PBXFileReference; fileEncoding = 4; lastKnownFileType = sourcecode.c.h; name = CloudBackendIOSClientAppDelegate.h; path = sample/SupportFiles/CloudBackendIOSClientAppDelegate.h; sourceTree = SOURCE_ROOT; };
    2FA513F21742B8D6004E1C5B /* CloudBackendIOSClientAppDelegate.m */ = {isa = PBXFileReference; fileEncoding = 4; lastKnownFileType = sourcecode.c.objc; name = CloudBackendIOSClientAppDelegate.m; path = sample/SupportFiles/CloudBackendIOSClientAppDelegate.m; sourceTree = SOURCE_ROOT; };
    2FA513F31742B8D6004E1C5B /* main.m */ = {isa = PBXFileReference; fileEncoding = 4; lastKnownFileType = sourcecode.c.objc; name = main.m; path = sample/SupportFiles/main.m; sourceTree = SOURCE_ROOT; };
    2FA513F81742BA20004E1C5B /* EditModeUITextView.h */ = {isa = PBXFileReference; fileEncoding = 4; lastKnownFileType = sourcecode.c.h; name = EditModeUITextView.h; path = sample/EditModeUITextView.h; sourceTree = SOURCE_ROOT; };
    2FA513F91742BA20004E1C5B /* EditModeUITextView.m */ = {isa = PBXFileReference; fileEncoding = 4; lastKnownFileType = sourcecode.c.objc; name = EditModeUITextView.m; path = sample/EditModeUITextView.m; sourceTree = SOURCE_ROOT; };
    2FA513FC1742BA20004E1C5B /* icon.png */ = {isa = PBXFileReference; lastKnownFileType = image.png; name = icon.png; path = sample/icon.png; sourceTree = SOURCE_ROOT; };
    2FA513FD1742BA20004E1C5B /* MessagesTableViewController.h */ = {isa = PBXFileReference; fileEncoding = 4; lastKnownFileType = sourcecode.c.h; name = MessagesTableViewController.h; path = sample/MessagesTableViewController.h; sourceTree = SOURCE_ROOT; };
    2FA513FE1742BA20004E1C5B /* MessagesTableViewController.m */ = {isa = PBXFileReference; fileEncoding = 4; lastKnownFileType = sourcecode.c.objc; name = MessagesTableViewController.m; path = sample/MessagesTableViewController.m; sourceTree = SOURCE_ROOT; };
    2FAEEAFD1767ACAE00FC232F /* CloudControllerHelper.h */ = {isa = PBXFileReference; fileEncoding = 4; lastKnownFileType = sourcecode.c.h; name = CloudControllerHelper.h; path = api/CloudControllerHelper.h; sourceTree = SOURCE_ROOT; };
    2FB6B84517E773E8006B298F /* GTLMobilebackendConstants.h */ = {isa = PBXFileReference; fileEncoding = 4; lastKnownFileType = sourcecode.c.h; name = GTLMobilebackendConstants.h; path = endpoint/GTLMobilebackendConstants.h; sourceTree = SOURCE_ROOT; };
    2FB6B84617E773E8006B298F /* GTLMobilebackendConstants.m */ = {isa = PBXFileReference; fileEncoding = 4; lastKnownFileType = sourcecode.c.objc; name = GTLMobilebackendConstants.m; path = endpoint/GTLMobilebackendConstants.m; sourceTree = SOURCE_ROOT; };
    2FD03B98174DA48D00D0BFF6 /* CloudNotificationHandler.h */ = {isa = PBXFileReference; fileEncoding = 4; lastKnownFileType = sourcecode.c.h; name = CloudNotificationHandler.h; path = api/CloudNotificationHandler.h; sourceTree = SOURCE_ROOT; };
    2FD03B99174DA48E00D0BFF6 /* CloudNotificationHandler.m */ = {isa = PBXFileReference; fileEncoding = 4; lastKnownFileType = sourcecode.c.objc; name = CloudNotificationHandler.m; path = api/CloudNotificationHandler.m; sourceTree = SOURCE_ROOT; };
    2FD03BDB174EF85100D0BFF6 /* en */ = {isa = PBXFileReference; lastKnownFileType = file.storyboard; name = en; path = sample/en.lproj/iphone.storyboard; sourceTree = SOURCE_ROOT; };
    2FD03BE0174FEE7600D0BFF6 /* GTLMobilebackendQueryDto+Helper.h */ = {isa = PBXFileReference; fileEncoding = 4; lastKnownFileType = sourcecode.c.h; name = "GTLMobilebackendQueryDto+Helper.h"; path = "api/GTLMobilebackendQueryDto+Helper.h"; sourceTree = SOURCE_ROOT; };
    2FD03BE1174FEE7600D0BFF6 /* GTLMobilebackendQueryDto+Helper.m */ = {isa = PBXFileReference; fileEncoding = 4; lastKnownFileType = sourcecode.c.objc; name = "GTLMobilebackendQueryDto+Helper.m"; path = "api/GTLMobilebackendQueryDto+Helper.m"; sourceTree = SOURCE_ROOT; };
    2FE06191177524E70096B5DB /* CloudControllerDelegate.h */ = {isa = PBXFileReference; fileEncoding = 4; lastKnownFileType = sourcecode.c.h; name = CloudControllerDelegate.h; path = api/CloudControllerDelegate.h; sourceTree = SOURCE_ROOT; };
    2FF4E1041745753E00AC521E /* CloudMessagingManager.h */ = {isa = PBXFileReference; fileEncoding = 4; lastKnownFileType = sourcecode.c.h; name = CloudMessagingManager.h; path = api/CloudMessagingManager.h; sourceTree = SOURCE_ROOT; };
    2FF4E1051745753E00AC521E /* CloudMessagingManager.m */ = {isa = PBXFileReference; fileEncoding = 4; lastKnownFileType = sourcecode.c.objc; name = CloudMessagingManager.m; path = api/CloudMessagingManager.m; sourceTree = SOURCE_ROOT; };
    2FF4E10E1746E6A400AC521E /* CloudFilter.h */ = {isa = PBXFileReference; fileEncoding = 4; lastKnownFileType = sourcecode.c.h; name = CloudFilter.h; path = api/CloudFilter.h; sourceTree = SOURCE_ROOT; };
    2FF4E10F1746E6A500AC521E /* CloudFilter.m */ = {isa = PBXFileReference; fileEncoding = 4; lastKnownFileType = sourcecode.c.objc; name = CloudFilter.m; path = api/CloudFilter.m; sourceTree = SOURCE_ROOT; };
/* End PBXFileReference section */

/* Begin PBXFrameworksBuildPhase section */
    2F72EB9316CB288F00C29E08 /* Frameworks */ = {
      isa = PBXFrameworksBuildPhase;
      buildActionMask = 2147483647;
      files = (
        2F72EC1B16CB2A7000C29E08 /* Security.framework in Frameworks */,
        2F72EC1916CB2A5600C29E08 /* SystemConfiguration.framework in Frameworks */,
        2F72EB9B16CB288F00C29E08 /* UIKit.framework in Frameworks */,
        2F72EB9D16CB288F00C29E08 /* Foundation.framework in Frameworks */,
        2F72EB9F16CB288F00C29E08 /* CoreGraphics.framework in Frameworks */,
      );
      runOnlyForDeploymentPostprocessing = 0;
    };
/* End PBXFrameworksBuildPhase section */

/* Begin PBXGroup section */
    2F53203917503C3300ED627F /* sample */ = {
      isa = PBXGroup;
      children = (
        2F51FFC21767E0C7007CF343 /* Constants.m */,
        2FD03BDA174EF85100D0BFF6 /* iphone.storyboard */,
        2FA513FC1742BA20004E1C5B /* icon.png */,
        2FA513F81742BA20004E1C5B /* EditModeUITextView.h */,
        2FA513F91742BA20004E1C5B /* EditModeUITextView.m */,
        2FA513FD1742BA20004E1C5B /* MessagesTableViewController.h */,
        2FA513FE1742BA20004E1C5B /* MessagesTableViewController.m */,
        2F72EBA116CB288F00C29E08 /* support */,
      );
      name = sample;
      sourceTree = "<group>";
    };
    2F72EB8B16CB288E00C29E08 = {
      isa = PBXGroup;
      children = (
        2F4FE6C117FC96860011C780 /* Default-568h@2x.png */,
        2F72EBA016CB288F00C29E08 /* CloudBackendIOSClient */,
        2F72EB9916CB288F00C29E08 /* Frameworks */,
        2F72EB9716CB288F00C29E08 /* Products */,
      );
      sourceTree = "<group>";
    };
    2F72EB9716CB288F00C29E08 /* Products */ = {
      isa = PBXGroup;
      children = (
        2F72EB9616CB288F00C29E08 /* dev.app */,
      );
      name = Products;
      sourceTree = "<group>";
    };
    2F72EB9916CB288F00C29E08 /* Frameworks */ = {
      isa = PBXGroup;
      children = (
        2F72EC1A16CB2A6F00C29E08 /* Security.framework */,
        2F72EC1816CB2A5500C29E08 /* SystemConfiguration.framework */,
        2F72EB9A16CB288F00C29E08 /* UIKit.framework */,
        2F72EB9C16CB288F00C29E08 /* Foundation.framework */,
        2F72EB9E16CB288F00C29E08 /* CoreGraphics.framework */,
      );
      name = Frameworks;
      sourceTree = "<group>";
    };
    2F72EBA016CB288F00C29E08 /* CloudBackendIOSClient */ = {
      isa = PBXGroup;
      children = (
        2F53203917503C3300ED627F /* sample */,
        2F9AFF2216DE8F4E00092774 /* api */,
        2F72EBB716CB290F00C29E08 /* gtl */,
        2F72EBB816CB291800C29E08 /* endpoint */,
      );
      path = CloudBackendIOSClient;
      sourceTree = "<group>";
    };
    2F72EBA116CB288F00C29E08 /* support */ = {
      isa = PBXGroup;
      children = (
        2FA513EF1742B8D6004E1C5B /* CloudBackendIOSClient-Info.plist */,
        2FA513F01742B8D6004E1C5B /* CloudBackendIOSClient-Prefix.pch */,
        2FA513F11742B8D6004E1C5B /* CloudBackendIOSClientAppDelegate.h */,
        2FA513F21742B8D6004E1C5B /* CloudBackendIOSClientAppDelegate.m */,
        2FA513F31742B8D6004E1C5B /* main.m */,
      );
      name = support;
      sourceTree = "<group>";
    };
    2F72EBB716CB290F00C29E08 /* gtl */ = {
      isa = PBXGroup;
      children = (
        2F531FED17503BA600ED627F /* GTLBase64.h */,
        2F531FEE17503BA600ED627F /* GTLBase64.m */,
        2F531FEF17503BA600ED627F /* GTLBatchQuery.h */,
        2F531FF017503BA600ED627F /* GTLBatchQuery.m */,
        2F531FF117503BA600ED627F /* GTLBatchResult.h */,
        2F531FF217503BA600ED627F /* GTLBatchResult.m */,
        2F531FF317503BA600ED627F /* GTLDateTime.h */,
        2F531FF417503BA600ED627F /* GTLDateTime.m */,
        2F531FF517503BA600ED627F /* GTLDefines.h */,
        2F531FF617503BA600ED627F /* GTLErrorObject.h */,
        2F531FF717503BA600ED627F /* GTLErrorObject.m */,
        2F531FF817503BA600ED627F /* GTLFramework.h */,
        2F531FF917503BA600ED627F /* GTLFramework.m */,
        2F531FFA17503BA600ED627F /* GTLJSONParser.h */,
        2F531FFB17503BA600ED627F /* GTLJSONParser.m */,
        2F531FFC17503BA600ED627F /* GTLObject.h */,
        2F531FFD17503BA600ED627F /* GTLObject.m */,
        2F531FFE17503BA600ED627F /* GTLQuery.h */,
        2F531FFF17503BA600ED627F /* GTLQuery.m */,
        2F53200017503BA600ED627F /* GTLRuntimeCommon.h */,
        2F53200117503BA600ED627F /* GTLRuntimeCommon.m */,
        2F53200217503BA600ED627F /* GTLService.h */,
        2F53200317503BA600ED627F /* GTLService.m */,
        2F53200417503BA600ED627F /* GTLTargetNamespace.h */,
        2F53200517503BA600ED627F /* GTLUploadParameters.h */,
        2F53200617503BA600ED627F /* GTLUploadParameters.m */,
        2F53200717503BA600ED627F /* GTLUtilities.h */,
        2F53200817503BA600ED627F /* GTLUtilities.m */,
        2F53200917503BA600ED627F /* GTMGatherInputStream.h */,
        2F53200A17503BA600ED627F /* GTMGatherInputStream.m */,
        2F53200B17503BA600ED627F /* GTMHTTPFetcher.h */,
        2F53200C17503BA600ED627F /* GTMHTTPFetcher.m */,
        2F53200D17503BA600ED627F /* GTMHTTPFetcherLogging.h */,
        2F53200E17503BA600ED627F /* GTMHTTPFetcherLogging.m */,
        2F53200F17503BA600ED627F /* GTMHTTPFetcherService.h */,
        2F53201017503BA600ED627F /* GTMHTTPFetcherService.m */,
        2F53201117503BA600ED627F /* GTMHTTPFetchHistory.h */,
        2F53201217503BA600ED627F /* GTMHTTPFetchHistory.m */,
        2F53201317503BA600ED627F /* GTMHTTPUploadFetcher.h */,
        2F53201417503BA600ED627F /* GTMHTTPUploadFetcher.m */,
        2F53201517503BA600ED627F /* GTMMIMEDocument.h */,
        2F53201617503BA600ED627F /* GTMMIMEDocument.m */,
        2F53201717503BA600ED627F /* GTMOAuth2Authentication.h */,
        2F53201817503BA600ED627F /* GTMOAuth2Authentication.m */,
        2F53201917503BA600ED627F /* GTMOAuth2SignIn.h */,
        2F53201A17503BA600ED627F /* GTMOAuth2SignIn.m */,
        2F53201B17503BA600ED627F /* GTMOAuth2ViewControllerTouch.h */,
        2F53201C17503BA600ED627F /* GTMOAuth2ViewControllerTouch.m */,
        2F53201D17503BA600ED627F /* GTMOAuth2ViewTouch.xib */,
        2F53201E17503BA600ED627F /* GTMReadMonitorInputStream.h */,
        2F53201F17503BA600ED627F /* GTMReadMonitorInputStream.m */,
      );
      name = gtl;
      sourceTree = "<group>";
    };
    2F72EBB816CB291800C29E08 /* endpoint */ = {
      isa = PBXGroup;
      children = (
        2F4FE6BE17FC93C70011C780 /* GTLMobilebackendBlobAccess.h */,
        2F4FE6BF17FC93C70011C780 /* GTLMobilebackendBlobAccess.m */,
        2FB6B84517E773E8006B298F /* GTLMobilebackendConstants.h */,
        2FB6B84617E773E8006B298F /* GTLMobilebackendConstants.m */,
        2F531FD117503B8D00ED627F /* GTLMobilebackend.h */,
        2F531FD417503B8D00ED627F /* GTLMobilebackendEntityDto.h */,
        2F531FD517503B8D00ED627F /* GTLMobilebackendEntityDto.m */,
        2F531FD817503B8D00ED627F /* GTLMobilebackendEntityListDto.h */,
        2F531FD917503B8D00ED627F /* GTLMobilebackendEntityListDto.m */,
        2F531FDA17503B8D00ED627F /* GTLMobilebackendFilter.h */,
        2F531FDB17503B8D00ED627F /* GTLMobilebackendFilter.m */,
        2F531FDC17503B8D00ED627F /* GTLMobilebackendFilterDto.h */,
        2F531FDD17503B8D00ED627F /* GTLMobilebackendFilterDto.m */,
        2F531FDE17503B8D00ED627F /* GTLMobilebackendQueryDto.h */,
        2F531FDF17503B8D00ED627F /* GTLMobilebackendQueryDto.m */,
        2F531FE017503B8D00ED627F /* GTLQueryMobilebackend.h */,
        2F531FE117503B8D00ED627F /* GTLQueryMobilebackend.m */,
        2F531FE217503B8D00ED627F /* GTLServiceMobilebackend.h */,
        2F531FE317503B8D00ED627F /* GTLServiceMobilebackend.m */,
      );
      name = endpoint;
      sourceTree = "<group>";
    };
    2F9AFF2216DE8F4E00092774 /* api */ = {
      isa = PBXGroup;
      children = (
        2FA513E41742B8AF004E1C5B /* CloudAuthenticatorDelegate.h */,
        2FA513E51742B8AF004E1C5B /* CloudAuthenticator.h */,
        2FA513E61742B8AF004E1C5B /* CloudAuthenticator.m */,
        2FA513E71742B8AF004E1C5B /* CloudEntity.h */,
        2FA513E81742B8AF004E1C5B /* CloudEntity.m */,
        2FA513E91742B8AF004E1C5B /* CloudEntityActionDelegate.h */,
        2FA513EA1742B8AF004E1C5B /* CloudEntityCollection.h */,
        2FA513EB1742B8AF004E1C5B /* CloudEntityCollection.m */,
        2FF4E1041745753E00AC521E /* CloudMessagingManager.h */,
        2FF4E1051745753E00AC521E /* CloudMessagingManager.m */,
        2FD03B98174DA48D00D0BFF6 /* CloudNotificationHandler.h */,
        2FD03B99174DA48E00D0BFF6 /* CloudNotificationHandler.m */,
        2FD03BE0174FEE7600D0BFF6 /* GTLMobilebackendQueryDto+Helper.h */,
        2FD03BE1174FEE7600D0BFF6 /* GTLMobilebackendQueryDto+Helper.m */,
        2FE06191177524E70096B5DB /* CloudControllerDelegate.h */,
        2FAEEAFD1767ACAE00FC232F /* CloudControllerHelper.h */,
        2F08D506176BD6BA009CC18D /* CloudControllerHelper.m */,
        2FF4E10E1746E6A400AC521E /* CloudFilter.h */,
        2FF4E10F1746E6A500AC521E /* CloudFilter.m */,
      );
      name = api;
      sourceTree = "<group>";
    };
/* End PBXGroup section */

/* Begin PBXNativeTarget section */
    2F72EB9516CB288F00C29E08 /* CloudBackendIOSClient */ = {
      isa = PBXNativeTarget;
      buildConfigurationList = 2F72EBB416CB288F00C29E08 /* Build configuration list for PBXNativeTarget "CloudBackendIOSClient" */;
      buildPhases = (
        2F72EB9216CB288F00C29E08 /* Sources */,
        2F72EB9316CB288F00C29E08 /* Frameworks */,
        2F72EB9416CB288F00C29E08 /* Resources */,
      );
      buildRules = (
      );
      dependencies = (
      );
      name = CloudBackendIOSClient;
      productName = CloudBackendIOSClient;
      productReference = 2F72EB9616CB288F00C29E08 /* dev.app */;
      productType = "com.apple.product-type.application";
    };
/* End PBXNativeTarget section */

/* Begin PBXProject section */
    2F72EB8D16CB288E00C29E08 /* Project object */ = {
      isa = PBXProject;
      attributes = {
        LastUpgradeCheck = 0450;
        ORGANIZATIONNAME = "Google";
      };
      buildConfigurationList = 2F72EB9016CB288E00C29E08 /* Build configuration list for PBXProject "CloudBackendIOSClient" */;
      compatibilityVersion = "Xcode 3.2";
      developmentRegion = English;
      hasScannedForEncodings = 0;
      knownRegions = (
        en,
      );
      mainGroup = 2F72EB8B16CB288E00C29E08;
      productRefGroup = 2F72EB9716CB288F00C29E08 /* Products */;
      projectDirPath = "";
      projectRoot = "";
      targets = (
        2F72EB9516CB288F00C29E08 /* CloudBackendIOSClient */,
      );
    };
/* End PBXProject section */

/* Begin PBXResourcesBuildPhase section */
    2F72EB9416CB288F00C29E08 /* Resources */ = {
      isa = PBXResourcesBuildPhase;
      buildActionMask = 2147483647;
      files = (
        2FA514041742BA20004E1C5B /* icon.png in Resources */,
        2F4FE6C217FC96860011C780 /* Default-568h@2x.png in Resources */,
        2FD03BDC174EF85100D0BFF6 /* iphone.storyboard in Resources */,
        2F53203717503BA600ED627F /* GTMOAuth2ViewTouch.xib in Resources */,
      );
      runOnlyForDeploymentPostprocessing = 0;
    };
/* End PBXResourcesBuildPhase section */

/* Begin PBXSourcesBuildPhase section */
    2F72EB9216CB288F00C29E08 /* Sources */ = {
      isa = PBXSourcesBuildPhase;
      buildActionMask = 2147483647;
      files = (
        2FA513EC1742B8AF004E1C5B /* CloudAuthenticator.m in Sources */,
        2FA513ED1742B8AF004E1C5B /* CloudEntity.m in Sources */,
        2FA513F51742B8D6004E1C5B /* CloudBackendIOSClientAppDelegate.m in Sources */,
        2F4FE6C017FC93C70011C780 /* GTLMobilebackendBlobAccess.m in Sources */,
        2FA513F61742B8D6004E1C5B /* main.m in Sources */,
        2FA514021742BA20004E1C5B /* EditModeUITextView.m in Sources */,
        2FA514051742BA20004E1C5B /* MessagesTableViewController.m in Sources */,
        2FF4E1061745753E00AC521E /* CloudMessagingManager.m in Sources */,
        2FF4E1101746E6A500AC521E /* CloudFilter.m in Sources */,
        2FD03B9A174DA48E00D0BFF6 /* CloudNotificationHandler.m in Sources */,
        2FD03BE2174FEE7700D0BFF6 /* GTLMobilebackendQueryDto+Helper.m in Sources */,
        2F531F32175036D500ED627F /* CloudEntityCollection.m in Sources */,
        2F531FE517503B8D00ED627F /* GTLMobilebackendEntityDto.m in Sources */,
        2F531FE717503B8D00ED627F /* GTLMobilebackendEntityListDto.m in Sources */,
        2F531FE817503B8D00ED627F /* GTLMobilebackendFilter.m in Sources */,
        2F531FE917503B8D00ED627F /* GTLMobilebackendFilterDto.m in Sources */,
        2F531FEA17503B8D00ED627F /* GTLMobilebackendQueryDto.m in Sources */,
        2F531FEB17503B8D00ED627F /* GTLQueryMobilebackend.m in Sources */,
        2F531FEC17503B8D00ED627F /* GTLServiceMobilebackend.m in Sources */,
        2F53202017503BA600ED627F /* GTLBase64.m in Sources */,
        2F53202117503BA600ED627F /* GTLBatchQuery.m in Sources */,
        2F53202217503BA600ED627F /* GTLBatchResult.m in Sources */,
        2F53202317503BA600ED627F /* GTLDateTime.m in Sources */,
        2F53202417503BA600ED627F /* GTLErrorObject.m in Sources */,
        2F53202517503BA600ED627F /* GTLFramework.m in Sources */,
        2F53202617503BA600ED627F /* GTLJSONParser.m in Sources */,
        2F53202717503BA600ED627F /* GTLObject.m in Sources */,
        2F53202817503BA600ED627F /* GTLQuery.m in Sources */,
        2F53202917503BA600ED627F /* GTLRuntimeCommon.m in Sources */,
        2F53202A17503BA600ED627F /* GTLService.m in Sources */,
        2F53202B17503BA600ED627F /* GTLUploadParameters.m in Sources */,
        2F53202C17503BA600ED627F /* GTLUtilities.m in Sources */,
        2F53202D17503BA600ED627F /* GTMGatherInputStream.m in Sources */,
        2F53202E17503BA600ED627F /* GTMHTTPFetcher.m in Sources */,
        2F53202F17503BA600ED627F /* GTMHTTPFetcherLogging.m in Sources */,
        2F53203017503BA600ED627F /* GTMHTTPFetcherService.m in Sources */,
        2F53203117503BA600ED627F /* GTMHTTPFetchHistory.m in Sources */,
        2F53203217503BA600ED627F /* GTMHTTPUploadFetcher.m in Sources */,
        2F53203317503BA600ED627F /* GTMMIMEDocument.m in Sources */,
        2F53203417503BA600ED627F /* GTMOAuth2Authentication.m in Sources */,
        2F53203517503BA600ED627F /* GTMOAuth2SignIn.m in Sources */,
        2F53203617503BA600ED627F /* GTMOAuth2ViewControllerTouch.m in Sources */,
        2F53203817503BA600ED627F /* GTMReadMonitorInputStream.m in Sources */,
        2F51FFC31767E0C7007CF343 /* Constants.m in Sources */,
        2F08D507176BD6BA009CC18D /* CloudControllerHelper.m in Sources */,
        2FB6B84817E773E8006B298F /* GTLMobilebackendConstants.m in Sources */,
      );
      runOnlyForDeploymentPostprocessing = 0;
    };
/* End PBXSourcesBuildPhase section */

/* Begin PBXVariantGroup section */
    2FD03BDA174EF85100D0BFF6 /* iphone.storyboard */ = {
      isa = PBXVariantGroup;
      children = (
        2FD03BDB174EF85100D0BFF6 /* en */,
      );
      name = iphone.storyboard;
      sourceTree = "<group>";
    };
/* End PBXVariantGroup section */

/* Begin XCBuildConfiguration section */
    2F72EBB216CB288F00C29E08 /* Debug */ = {
      isa = XCBuildConfiguration;
      buildSettings = {
        ALWAYS_SEARCH_USER_PATHS = NO;
        CLANG_CXX_LANGUAGE_STANDARD = "gnu++0x";
        CLANG_CXX_LIBRARY = "libc++";
        CLANG_ENABLE_OBJC_ARC = YES;
        CLANG_WARN_EMPTY_BODY = YES;
        CLANG_WARN__DUPLICATE_METHOD_MATCH = YES;
        CODE_SIGN_IDENTITY = "iPhone Developer";
        "CODE_SIGN_IDENTITY[sdk=iphoneos*]" = "iPhone Developer";
        COPY_PHASE_STRIP = NO;
        GCC_C_LANGUAGE_STANDARD = gnu99;
        GCC_DYNAMIC_NO_PIC = NO;
        GCC_OPTIMIZATION_LEVEL = 0;
        GCC_PREPROCESSOR_DEFINITIONS = (
          "DEBUG=1",
          "$(inherited)",
        );
        GCC_SYMBOLS_PRIVATE_EXTERN = NO;
        GCC_WARN_ABOUT_RETURN_TYPE = YES;
        GCC_WARN_UNINITIALIZED_AUTOS = YES;
        GCC_WARN_UNUSED_VARIABLE = YES;
        IPHONEOS_DEPLOYMENT_TARGET = 6.1;
        ONLY_ACTIVE_ARCH = YES;
        PROVISIONING_PROFILE = "EB7A90FD-40A2-4055-9FAB-4E53D6ED3F20";
        "PROVISIONING_PROFILE[sdk=iphoneos*]" = "EB7A90FD-40A2-4055-9FAB-4E53D6ED3F20";
        SDKROOT = iphoneos;
      };
      name = Debug;
    };
    2F72EBB316CB288F00C29E08 /* Release */ = {
      isa = XCBuildConfiguration;
      buildSettings = {
        ALWAYS_SEARCH_USER_PATHS = NO;
        CLANG_CXX_LANGUAGE_STANDARD = "gnu++0x";
        CLANG_CXX_LIBRARY = "libc++";
        CLANG_ENABLE_OBJC_ARC = YES;
        CLANG_WARN_EMPTY_BODY = YES;
        CLANG_WARN__DUPLICATE_METHOD_MATCH = YES;
        CODE_SIGN_IDENTITY = "iPhone Developer";
        "CODE_SIGN_IDENTITY[sdk=iphoneos*]" = "iPhone Developer";
        COPY_PHASE_STRIP = YES;
        GCC_C_LANGUAGE_STANDARD = gnu99;
        GCC_WARN_ABOUT_RETURN_TYPE = YES;
        GCC_WARN_UNINITIALIZED_AUTOS = YES;
        GCC_WARN_UNUSED_VARIABLE = YES;
        IPHONEOS_DEPLOYMENT_TARGET = 6.1;
        OTHER_CFLAGS = "-DNS_BLOCK_ASSERTIONS=1";
        PROVISIONING_PROFILE = "EB7A90FD-40A2-4055-9FAB-4E53D6ED3F20";
        "PROVISIONING_PROFILE[sdk=iphoneos*]" = "EB7A90FD-40A2-4055-9FAB-4E53D6ED3F20";
        SDKROOT = iphoneos;
        VALIDATE_PRODUCT = YES;
      };
      name = Release;
    };
    2F72EBB516CB288F00C29E08 /* Debug */ = {
      isa = XCBuildConfiguration;
      buildSettings = {
        GCC_PRECOMPILE_PREFIX_HEADER = YES;
        GCC_PREFIX_HEADER = "sample/SupportFiles/CloudBackendIOSClient-Prefix.pch";
        HEADER_SEARCH_PATHS = "CloudBackendIOSClient/**";
        INFOPLIST_FILE = "sample/SupportFiles/CloudBackendIOSClient-Info.plist";
        IPHONEOS_DEPLOYMENT_TARGET = 6.1;
        PRODUCT_NAME = dev;
        WRAPPER_EXTENSION = app;
      };
      name = Debug;
    };
    2F72EBB616CB288F00C29E08 /* Release */ = {
      isa = XCBuildConfiguration;
      buildSettings = {
        GCC_PRECOMPILE_PREFIX_HEADER = YES;
        GCC_PREFIX_HEADER = "sample/SupportFiles/CloudBackendIOSClient-Prefix.pch";
        HEADER_SEARCH_PATHS = "CloudBackendIOSClient/**";
        INFOPLIST_FILE = "sample/SupportFiles/CloudBackendIOSClient-Info.plist";
        IPHONEOS_DEPLOYMENT_TARGET = 6.1;
        PRODUCT_NAME = dev;
        WRAPPER_EXTENSION = app;
      };
      name = Release;
    };
/* End XCBuildConfiguration section */

/* Begin XCConfigurationList section */
    2F72EB9016CB288E00C29E08 /* Build configuration list for PBXProject "CloudBackendIOSClient" */ = {
      isa = XCConfigurationList;
      buildConfigurations = (
        2F72EBB216CB288F00C29E08 /* Debug */,
        2F72EBB316CB288F00C29E08 /* Release */,
      );
      defaultConfigurationIsVisible = 0;
      defaultConfigurationName = Debug;
    };
    2F72EBB416CB288F00C29E08 /* Build configuration list for PBXNativeTarget "CloudBackendIOSClient" */ = {
      isa = XCConfigurationList;
      buildConfigurations = (
        2F72EBB516CB288F00C29E08 /* Debug */,
        2F72EBB616CB288F00C29E08 /* Release */,
      );
      defaultConfigurationIsVisible = 0;
      defaultConfigurationName = Debug;
    };
/* End XCConfigurationList section */
  };
  rootObject = 2F72EB8D16CB288E00C29E08 /* Project object */;
}
